
Microsoft Visual Studio Solution File, Format Version 12.00
# Visual Studio Version 16
VisualStudioVersion = 16.0.31112.23
MinimumVisualStudioVersion = 10.0.40219.1
Project("{FAE04EC0-301F-11D3-BF4B-00C04F79EFBC}") = "GMS.Backend.API.POC", "GMS.Backend.API.POC\GMS.Backend.API.POC.csproj", "{C1599F73-9800-49CB-B994-1A83A5AF9118}"
EndProject
Project("{FAE04EC0-301F-11D3-BF4B-00C04F79EFBC}") = "GMS.FrontEnd.MVC.POC", "..\..\..\Downloads\LoginPage\LoginPage\LoginPage\GMS.FrontEnd.MVC.POC.csproj", "{B7C227CC-0CDF-4F60-9152-C0D21978E92C}"
EndProject
Global
	GlobalSection(SolutionConfigurationPlatforms) = preSolution
		Debug|Any CPU = Debug|Any CPU
		Release|Any CPU = Release|Any CPU
	EndGlobalSection
	GlobalSection(ProjectConfigurationPlatforms) = postSolution
		{C1599F73-9800-49CB-B994-1A83A5AF9118}.Debug|Any CPU.ActiveCfg = Debug|Any CPU
		{C1599F73-9800-49CB-B994-1A83A5AF9118}.Debug|Any CPU.Build.0 = Debug|Any CPU
		{C1599F73-9800-49CB-B994-1A83A5AF9118}.Release|Any CPU.ActiveCfg = Release|Any CPU
		{C1599F73-9800-49CB-B994-1A83A5AF9118}.Release|Any CPU.Build.0 = Release|Any CPU
		{B7C227CC-0CDF-4F60-9152-C0D21978E92C}.Debug|Any CPU.ActiveCfg = Debug|Any CPU
		{B7C227CC-0CDF-4F60-9152-C0D21978E92C}.Debug|Any CPU.Build.0 = Debug|Any CPU
		{B7C227CC-0CDF-4F60-9152-C0D21978E92C}.Release|Any CPU.ActiveCfg = Release|Any CPU
		{B7C227CC-0CDF-4F60-9152-C0D21978E92C}.Release|Any CPU.Build.0 = Release|Any CPU
	EndGlobalSection
	GlobalSection(SolutionProperties) = preSolution
		HideSolutionNode = FALSE
	EndGlobalSection
	GlobalSection(ExtensibilityGlobals) = postSolution
		SolutionGuid = {BB971F9F-849B-40B5-84F3-1473F48E6E29}
	EndGlobalSection
EndGlobal
